
Microsoft Visual Studio Solution File, Format Version 12.00
# Visual Studio 15
VisualStudioVersion = 15.0.28307.902
MinimumVisualStudioVersion = 10.0.40219.1
Project("{8BC9CEB8-8B4A-11D0-8D11-00A0C91BC942}") = "PiSquare", "PiSquare\PiSquare.vcxproj", "{F7264FE7-2E16-4DFF-8E7A-A77D509DC9E7}"
EndProject
Global
	GlobalSection(SolutionConfigurationPlatforms) = preSolution
		Debug|x64 = Debug|x64
		Debug|x86 = Debug|x86
		Release|x64 = Release|x64
		Release|x86 = Release|x86
	EndGlobalSection
	GlobalSection(ProjectConfigurationPlatforms) = postSolution
		{F7264FE7-2E16-4DFF-8E7A-A77D509DC9E7}.Debug|x64.ActiveCfg = Debug|x64
		{F7264FE7-2E16-4DFF-8E7A-A77D509DC9E7}.Debug|x64.Build.0 = Debug|x64
		{F7264FE7-2E16-4DFF-8E7A-A77D509DC9E7}.Debug|x86.ActiveCfg = Debug|Win32
		{F7264FE7-2E16-4DFF-8E7A-A77D509DC9E7}.Debug|x86.Build.0 = Debug|Win32
		{F7264FE7-2E16-4DFF-8E7A-A77D509DC9E7}.Release|x64.ActiveCfg = Release|x64
		{F7264FE7-2E16-4DFF-8E7A-A77D509DC9E7}.Release|x64.Build.0 = Release|x64
		{F7264FE7-2E16-4DFF-8E7A-A77D509DC9E7}.Release|x86.ActiveCfg = Release|Win32
		{F7264FE7-2E16-4DFF-8E7A-A77D509DC9E7}.Release|x86.Build.0 = Release|Win32
	EndGlobalSection
	GlobalSection(SolutionProperties) = preSolution
		HideSolutionNode = FALSE
	EndGlobalSection
	GlobalSection(ExtensibilityGlobals) = postSolution
		SolutionGuid = {8B02FFD6-DDEF-4C18-BA49-BEFCB545A075}
	EndGlobalSection
EndGlobal
